
Microsoft Visual Studio Solution File, Format Version 12.00
# Visual Studio Version 17
VisualStudioVersion = 17.9.34321.82
MinimumVisualStudioVersion = 10.0.40219.1
Project("{FAE04EC0-301F-11D3-BF4B-00C04F79EFBC}") = "Algorithms", "Algorithms\Algorithms.csproj", "{BEFDBCCD-7006-4F59-9808-0AC57405F107}"
EndProject
Project("{FAE04EC0-301F-11D3-BF4B-00C04F79EFBC}") = "ConsoleApplication", "ConsoleApplication\ConsoleApplication.csproj", "{5DA6D7D8-D66C-4C9A-A3D8-51FCDAA49E86}"
EndProject
Global
	GlobalSection(SolutionConfigurationPlatforms) = preSolution
		Debug|Any CPU = Debug|Any CPU
		Release|Any CPU = Release|Any CPU
	EndGlobalSection
	GlobalSection(ProjectConfigurationPlatforms) = postSolution
		{BEFDBCCD-7006-4F59-9808-0AC57405F107}.Debug|Any CPU.ActiveCfg = Debug|Any CPU
		{BEFDBCCD-7006-4F59-9808-0AC57405F107}.Debug|Any CPU.Build.0 = Debug|Any CPU
		{BEFDBCCD-7006-4F59-9808-0AC57405F107}.Release|Any CPU.ActiveCfg = Release|Any CPU
		{BEFDBCCD-7006-4F59-9808-0AC57405F107}.Release|Any CPU.Build.0 = Release|Any CPU
		{5DA6D7D8-D66C-4C9A-A3D8-51FCDAA49E86}.Debug|Any CPU.ActiveCfg = Debug|Any CPU
		{5DA6D7D8-D66C-4C9A-A3D8-51FCDAA49E86}.Debug|Any CPU.Build.0 = Debug|Any CPU
		{5DA6D7D8-D66C-4C9A-A3D8-51FCDAA49E86}.Release|Any CPU.ActiveCfg = Release|Any CPU
		{5DA6D7D8-D66C-4C9A-A3D8-51FCDAA49E86}.Release|Any CPU.Build.0 = Release|Any CPU
	EndGlobalSection
	GlobalSection(SolutionProperties) = preSolution
		HideSolutionNode = FALSE
	EndGlobalSection
	GlobalSection(ExtensibilityGlobals) = postSolution
		SolutionGuid = {9C497B11-D9A3-4F6A-AC2C-9333186AA759}
	EndGlobalSection
EndGlobal
